
Microsoft Visual Studio Solution File, Format Version 12.00
# Visual Studio 14
VisualStudioVersion = 14.0.25420.1
MinimumVisualStudioVersion = 10.0.40219.1
Project("{FAE04EC0-301F-11D3-BF4B-00C04F79EFBC}") = "TestHook.Injector", "TestHook.Injector\TestHook.Injector.csproj", "{E409A787-7FED-4FF6-9A6D-E8AD7965D7E4}"
EndProject
Project("{FAE04EC0-301F-11D3-BF4B-00C04F79EFBC}") = "TestHook.Hooks", "TestHook.Hooks\TestHook.Hooks.csproj", "{18D1C546-64A1-464B-A3FA-E29A98F43202}"
EndProject
Global
	GlobalSection(SolutionConfigurationPlatforms) = preSolution
		Debug|Any CPU = Debug|Any CPU
		Release|Any CPU = Release|Any CPU
	EndGlobalSection
	GlobalSection(ProjectConfigurationPlatforms) = postSolution
		{E409A787-7FED-4FF6-9A6D-E8AD7965D7E4}.Debug|Any CPU.ActiveCfg = Debug|Any CPU
		{E409A787-7FED-4FF6-9A6D-E8AD7965D7E4}.Debug|Any CPU.Build.0 = Debug|Any CPU
		{E409A787-7FED-4FF6-9A6D-E8AD7965D7E4}.Release|Any CPU.ActiveCfg = Release|Any CPU
		{E409A787-7FED-4FF6-9A6D-E8AD7965D7E4}.Release|Any CPU.Build.0 = Release|Any CPU
		{18D1C546-64A1-464B-A3FA-E29A98F43202}.Debug|Any CPU.ActiveCfg = Debug|Any CPU
		{18D1C546-64A1-464B-A3FA-E29A98F43202}.Debug|Any CPU.Build.0 = Debug|Any CPU
		{18D1C546-64A1-464B-A3FA-E29A98F43202}.Release|Any CPU.ActiveCfg = Release|Any CPU
		{18D1C546-64A1-464B-A3FA-E29A98F43202}.Release|Any CPU.Build.0 = Release|Any CPU
	EndGlobalSection
	GlobalSection(SolutionProperties) = preSolution
		HideSolutionNode = FALSE
	EndGlobalSection
EndGlobal
